// !$*UTF8*$!
{
	archiveVersion = 1;
	classes = {
	};
	objectVersion = 77;
	objects = {

/* Begin PBXContainerItemProxy section */
		6EF5BB002E6F244100FF6253 /* PBXContainerItemProxy */ = {
			isa = PBXContainerItemProxy;
			containerPortal = 6EF5BAEA2E6F243F00FF6253 /* Project object */;
			proxyType = 1;
			remoteGlobalIDString = 6EF5BAF12E6F243F00FF6253;
			remoteInfo = PicPick;
		};
		6EF5BB0A2E6F244100FF6253 /* PBXContainerItemProxy */ = {
			isa = PBXContainerItemProxy;
			containerPortal = 6EF5BAEA2E6F243F00FF6253 /* Project object */;
			proxyType = 1;
			remoteGlobalIDString = 6EF5BAF12E6F243F00FF6253;
			remoteInfo = PicPick;
		};
/* End PBXContainerItemProxy section */

/* Begin PBXFileReference section */
		6EF5BAF22E6F243F00FF6253 /* PicPick.app */ = {isa = PBXFileReference; explicitFileType = wrapper.application; includeInIndex = 0; path = PicPick.app; sourceTree = BUILT_PRODUCTS_DIR; };
		6EF5BAFF2E6F244100FF6253 /* PicPickTests.xctest */ = {isa = PBXFileReference; explicitFileType = wrapper.cfbundle; includeInIndex = 0; path = PicPickTests.xctest; sourceTree = BUILT_PRODUCTS_DIR; };
		6EF5BB092E6F244100FF6253 /* PicPickUITests.xctest */ = {isa = PBXFileReference; explicitFileType = wrapper.cfbundle; includeInIndex = 0; path = PicPickUITests.xctest; sourceTree = BUILT_PRODUCTS_DIR; };
/* End PBXFileReference section */

/* Begin PBXFileSystemSynchronizedRootGroup section */
		6EF5BAF42E6F243F00FF6253 /* PicPick */ = {
			isa = PBXFileSystemSynchronizedRootGroup;
			path = PicPick;
			sourceTree = "<group>";
		};
		6EF5BB022E6F244100FF6253 /* PicPickTests */ = {
			isa = PBXFileSystemSynchronizedRootGroup;
			path = PicPickTests;
			sourceTree = "<group>";
		};
		6EF5BB0C2E6F244100FF6253 /* PicPickUITests */ = {
			isa = PBXFileSystemSynchronizedRootGroup;
			path = PicPickUITests;
			sourceTree = "<group>";
		};
/* End PBXFileSystemSynchronizedRootGroup section */

/* Begin PBXFrameworksBuildPhase section */
		6EF5BAEF2E6F243F00FF6253 /* Frameworks */ = {
			isa = PBXFrameworksBuildPhase;
			buildActionMask = 2147483647;
			files = (
			);
			runOnlyForDeploymentPostprocessing = 0;
		};
		6EF5BAFC2E6F244100FF6253 /* Frameworks */ = {
			isa = PBXFrameworksBuildPhase;
			buildActionMask = 2147483647;
			files = (
			);
			runOnlyForDeploymentPostprocessing = 0;
		};
		6EF5BB062E6F244100FF6253 /* Frameworks */ = {
			isa = PBXFrameworksBuildPhase;
			buildActionMask = 2147483647;
			files = (
			);
			runOnlyForDeploymentPostprocessing = 0;
		};
/* End PBXFrameworksBuildPhase section */

/* Begin PBXGroup section */
		6EF5BAE92E6F243F00FF6253 = {
			isa = PBXGroup;
			children = (
				6EF5BAF42E6F243F00FF6253 /* PicPick */,
				6EF5BB022E6F244100FF6253 /* PicPickTests */,
				6EF5BB0C2E6F244100FF6253 /* PicPickUITests */,
				6EF5BAF32E6F243F00FF6253 /* Products */,
			);
			sourceTree = "<group>";
		};
		6EF5BAF32E6F243F00FF6253 /* Products */ = {
			isa = PBXGroup;
			children = (
				6EF5BAF22E6F243F00FF6253 /* PicPick.app */,
				6EF5BAFF2E6F244100FF6253 /* PicPickTests.xctest */,
				6EF5BB092E6F244100FF6253 /* PicPickUITests.xctest */,
			);
			name = Products;
			sourceTree = "<group>";
		};
/* End PBXGroup section */

/* Begin PBXNativeTarget section */
		6EF5BAF12E6F243F00FF6253 /* PicPick */ = {
			isa = PBXNativeTarget;
			buildConfigurationList = 6EF5BB132E6F244100FF6253 /* Build configuration list for PBXNativeTarget "PicPick" */;
			buildPhases = (
				6EF5BAEE2E6F243F00FF6253 /* Sources */,
				6EF5BAEF2E6F243F00FF6253 /* Frameworks */,
				6EF5BAF02E6F243F00FF6253 /* Resources */,
			);
			buildRules = (
			);
			dependencies = (
			);
			fileSystemSynchronizedGroups = (
				6EF5BAF42E6F243F00FF6253 /* PicPick */,
			);
			name = PicPick;
			packageProductDependencies = (
			);
			productName = PicPick;
			productReference = 6EF5BAF22E6F243F00FF6253 /* PicPick.app */;
			productType = "com.apple.product-type.application";
		};
		6EF5BAFE2E6F244100FF6253 /* PicPickTests */ = {
			isa = PBXNativeTarget;
			buildConfigurationList = 6EF5BB162E6F244100FF6253 /* Build configuration list for PBXNativeTarget "PicPickTests" */;
			buildPhases = (
				6EF5BAFB2E6F244100FF6253 /* Sources */,
				6EF5BAFC2E6F244100FF6253 /* Frameworks */,
				6EF5BAFD2E6F244100FF6253 /* Resources */,
			);
			buildRules = (
			);
			dependencies = (
				6EF5BB012E6F244100FF6253 /* PBXTargetDependency */,
			);
			fileSystemSynchronizedGroups = (
				6EF5BB022E6F244100FF6253 /* PicPickTests */,
			);
			name = PicPickTests;
			packageProductDependencies = (
			);
			productName = PicPickTests;
			productReference = 6EF5BAFF2E6F244100FF6253 /* PicPickTests.xctest */;
			productType = "com.apple.product-type.bundle.unit-test";
		};
		6EF5BB082E6F244100FF6253 /* PicPickUITests */ = {
			isa = PBXNativeTarget;
			buildConfigurationList = 6EF5BB192E6F244100FF6253 /* Build configuration list for PBXNativeTarget "PicPickUITests" */;
			buildPhases = (
				6EF5BB052E6F244100FF6253 /* Sources */,
				6EF5BB062E6F244100FF6253 /* Frameworks */,
				6EF5BB072E6F244100FF6253 /* Resources */,
			);
			buildRules = (
			);
			dependencies = (
				6EF5BB0B2E6F244100FF6253 /* PBXTargetDependency */,
			);
			fileSystemSynchronizedGroups = (
				6EF5BB0C2E6F244100FF6253 /* PicPickUITests */,
			);
			name = PicPickUITests;
			packageProductDependencies = (
			);
			productName = PicPickUITests;
			productReference = 6EF5BB092E6F244100FF6253 /* PicPickUITests.xctest */;
			productType = "com.apple.product-type.bundle.ui-testing";
		};
/* End PBXNativeTarget section */

/* Begin PBXProject section */
		6EF5BAEA2E6F243F00FF6253 /* Project object */ = {
			isa = PBXProject;
			attributes = {
				BuildIndependentTargetsInParallel = 1;
				LastSwiftUpdateCheck = 1640;
				LastUpgradeCheck = 1640;
				TargetAttributes = {
					6EF5BAF12E6F243F00FF6253 = {
						CreatedOnToolsVersion = 16.4;
					};
					6EF5BAFE2E6F244100FF6253 = {
						CreatedOnToolsVersion = 16.4;
						TestTargetID = 6EF5BAF12E6F243F00FF6253;
					};
					6EF5BB082E6F244100FF6253 = {
						CreatedOnToolsVersion = 16.4;
						TestTargetID = 6EF5BAF12E6F243F00FF6253;
					};
				};
			};
			buildConfigurationList = 6EF5BAED2E6F243F00FF6253 /* Build configuration list for PBXProject "PicPick" */;
			developmentRegion = en;
			hasScannedForEncodings = 0;
			knownRegions = (
				en,
				Base,
			);
			mainGroup = 6EF5BAE92E6F243F00FF6253;
			minimizedProjectReferenceProxies = 1;
			preferredProjectObjectVersion = 77;
			productRefGroup = 6EF5BAF32E6F243F00FF6253 /* Products */;
			projectDirPath = "";
			projectRoot = "";
			targets = (
				6EF5BAF12E6F243F00FF6253 /* PicPick */,
				6EF5BAFE2E6F244100FF6253 /* PicPickTests */,
				6EF5BB082E6F244100FF6253 /* PicPickUITests */,
			);
		};
/* End PBXProject section */

/* Begin PBXResourcesBuildPhase section */
		6EF5BAF02E6F243F00FF6253 /* Resources */ = {
			isa = PBXResourcesBuildPhase;
			buildActionMask = 2147483647;
			files = (
			);
			runOnlyForDeploymentPostprocessing = 0;
		};
		6EF5BAFD2E6F244100FF6253 /* Resources */ = {
			isa = PBXResourcesBuildPhase;
			buildActionMask = 2147483647;
			files = (
			);
			runOnlyForDeploymentPostprocessing = 0;
		};
		6EF5BB072E6F244100FF6253 /* Resources */ = {
			isa = PBXResourcesBuildPhase;
			buildActionMask = 2147483647;
			files = (
			);
			runOnlyForDeploymentPostprocessing = 0;
		};
/* End PBXResourcesBuildPhase section */

/* Begin PBXSourcesBuildPhase section */
		6EF5BAEE2E6F243F00FF6253 /* Sources */ = {
			isa = PBXSourcesBuildPhase;
			buildActionMask = 2147483647;
			files = (
			);
			runOnlyForDeploymentPostprocessing = 0;
		};
		6EF5BAFB2E6F244100FF6253 /* Sources */ = {
			isa = PBXSourcesBuildPhase;
			buildActionMask = 2147483647;
			files = (
			);
			runOnlyForDeploymentPostprocessing = 0;
		};
		6EF5BB052E6F244100FF6253 /* Sources */ = {
			isa = PBXSourcesBuildPhase;
			buildActionMask = 2147483647;
			files = (
			);
			runOnlyForDeploymentPostprocessing = 0;
		};
/* End PBXSourcesBuildPhase section */

/* Begin PBXTargetDependency section */
		6EF5BB012E6F244100FF6253 /* PBXTargetDependency */ = {
			isa = PBXTargetDependency;
			target = 6EF5BAF12E6F243F00FF6253 /* PicPick */;
			targetProxy = 6EF5BB002E6F244100FF6253 /* PBXContainerItemProxy */;
		};
		6EF5BB0B2E6F244100FF6253 /* PBXTargetDependency */ = {
			isa = PBXTargetDependency;
			target = 6EF5BAF12E6F243F00FF6253 /* PicPick */;
			targetProxy = 6EF5BB0A2E6F244100FF6253 /* PBXContainerItemProxy */;
		};
/* End PBXTargetDependency section */

/* Begin XCBuildConfiguration section */
		6EF5BB112E6F244100FF6253 /* Debug */ = {
			isa = XCBuildConfiguration;
			buildSettings = {
				ALWAYS_SEARCH_USER_PATHS = NO;
				ASSETCATALOG_COMPILER_GENERATE_SWIFT_ASSET_SYMBOL_EXTENSIONS = YES;
				CLANG_ANALYZER_NONNULL = YES;
				CLANG_ANALYZER_NUMBER_OBJECT_CONVERSION = YES_AGGRESSIVE;
				CLANG_CXX_LANGUAGE_STANDARD = "gnu++20";
				CLANG_ENABLE_MODULES = YES;
				CLANG_ENABLE_OBJC_ARC = YES;
				CLANG_ENABLE_OBJC_WEAK = YES;
				CLANG_WARN_BLOCK_CAPTURE_AUTORELEASING = YES;
				CLANG_WARN_BOOL_CONVERSION = YES;
				CLANG_WARN_COMMA = YES;
				CLANG_WARN_CONSTANT_CONVERSION = YES;
				CLANG_WARN_DEPRECATED_OBJC_IMPLEMENTATIONS = YES;
				CLANG_WARN_DIRECT_OBJC_ISA_USAGE = YES_ERROR;
				CLANG_WARN_DOCUMENTATION_COMMENTS = YES;
				CLANG_WARN_EMPTY_BODY = YES;
				CLANG_WARN_ENUM_CONVERSION = YES;
				CLANG_WARN_INFINITE_RECURSION = YES;
				CLANG_WARN_INT_CONVERSION = YES;
				CLANG_WARN_NON_LITERAL_NULL_CONVERSION = YES;
				CLANG_WARN_OBJC_IMPLICIT_RETAIN_SELF = YES;
				CLANG_WARN_OBJC_LITERAL_CONVERSION = YES;
				CLANG_WARN_OBJC_ROOT_CLASS = YES_ERROR;
				CLANG_WARN_QUOTED_INCLUDE_IN_FRAMEWORK_HEADER = YES;
				CLANG_WARN_RANGE_LOOP_ANALYSIS = YES;
				CLANG_WARN_STRICT_PROTOTYPES = YES;
				CLANG_WARN_SUSPICIOUS_MOVE = YES;
				CLANG_WARN_UNGUARDED_AVAILABILITY = YES_AGGRESSIVE;
				CLANG_WARN_UNREACHABLE_CODE = YES;
				CLANG_WARN__DUPLICATE_METHOD_MATCH = YES;
				COPY_PHASE_STRIP = NO;
				DEBUG_INFORMATION_FORMAT = dwarf;
				ENABLE_STRICT_OBJC_MSGSEND = YES;
				ENABLE_TESTABILITY = YES;
				ENABLE_USER_SCRIPT_SANDBOXING = YES;
				GCC_C_LANGUAGE_STANDARD = gnu17;
				GCC_DYNAMIC_NO_PIC = NO;
				GCC_NO_COMMON_BLOCKS = YES;
				GCC_OPTIMIZATION_LEVEL = 0;
				GCC_PREPROCESSOR_DEFINITIONS = (
					"DEBUG=1",
					"$(inherited)",
				);
				GCC_WARN_64_TO_32_BIT_CONVERSION = YES;
				GCC_WARN_ABOUT_RETURN_TYPE = YES_ERROR;
				GCC_WARN_UNDECLARED_SELECTOR = YES;
				GCC_WARN_UNINITIALIZED_AUTOS = YES_AGGRESSIVE;
				GCC_WARN_UNUSED_FUNCTION = YES;
				GCC_WARN_UNUSED_VARIABLE = YES;
				IPHONEOS_DEPLOYMENT_TARGET = 18.5;
				LOCALIZATION_PREFERS_STRING_CATALOGS = YES;
				MTL_ENABLE_DEBUG_INFO = INCLUDE_SOURCE;
				MTL_FAST_MATH = YES;
				ONLY_ACTIVE_ARCH = YES;
				SDKROOT = iphoneos;
				SWIFT_ACTIVE_COMPILATION_CONDITIONS = "DEBUG $(inherited)";
				SWIFT_OPTIMIZATION_LEVEL = "-Onone";
			};
			name = Debug;
		};
		6EF5BB122E6F244100FF6253 /* Release */ = {
			isa = XCBuildConfiguration;
			buildSettings = {
				ALWAYS_SEARCH_USER_PATHS = NO;
				ASSETCATALOG_COMPILER_GENERATE_SWIFT_ASSET_SYMBOL_EXTENSIONS = YES;
				CLANG_ANALYZER_NONNULL = YES;
				CLANG_ANALYZER_NUMBER_OBJECT_CONVERSION = YES_AGGRESSIVE;
				CLANG_CXX_LANGUAGE_STANDARD = "gnu++20";
				CLANG_ENABLE_MODULES = YES;
				CLANG_ENABLE_OBJC_ARC = YES;
				CLANG_ENABLE_OBJC_WEAK = YES;
				CLANG_WARN_BLOCK_CAPTURE_AUTORELEASING = YES;
				CLANG_WARN_BOOL_CONVERSION = YES;
				CLANG_WARN_COMMA = YES;
				CLANG_WARN_CONSTANT_CONVERSION = YES;
				CLANG_WARN_DEPRECATED_OBJC_IMPLEMENTATIONS = YES;
				CLANG_WARN_DIRECT_OBJC_ISA_USAGE = YES_ERROR;
				CLANG_WARN_DOCUMENTATION_COMMENTS = YES;
				CLANG_WARN_EMPTY_BODY = YES;
				CLANG_WARN_ENUM_CONVERSION = YES;
				CLANG_WARN_INFINITE_RECURSION = YES;
				CLANG_WARN_INT_CONVERSION = YES;
				CLANG_WARN_NON_LITERAL_NULL_CONVERSION = YES;
				CLANG_WARN_OBJC_IMPLICIT_RETAIN_SELF = YES;
				CLANG_WARN_OBJC_LITERAL_CONVERSION = YES;
				CLANG_WARN_OBJC_ROOT_CLASS = YES_ERROR;
				CLANG_WARN_QUOTED_INCLUDE_IN_FRAMEWORK_HEADER = YES;
				CLANG_WARN_RANGE_LOOP_ANALYSIS = YES;
				CLANG_WARN_STRICT_PROTOTYPES = YES;
				CLANG_WARN_SUSPICIOUS_MOVE = YES;
				CLANG_WARN_UNGUARDED_AVAILABILITY = YES_AGGRESSIVE;
				CLANG_WARN_UNREACHABLE_CODE = YES;
				CLANG_WARN__DUPLICATE_METHOD_MATCH = YES;
				COPY_PHASE_STRIP = NO;
				DEBUG_INFORMATION_FORMAT = "dwarf-with-dsym";
				ENABLE_NS_ASSERTIONS = NO;
				ENABLE_STRICT_OBJC_MSGSEND = YES;
				ENABLE_USER_SCRIPT_SANDBOXING = YES;
				GCC_C_LANGUAGE_STANDARD = gnu17;
				GCC_NO_COMMON_BLOCKS = YES;
				GCC_WARN_64_TO_32_BIT_CONVERSION = YES;
				GCC_WARN_ABOUT_RETURN_TYPE = YES_ERROR;
				GCC_WARN_UNDECLARED_SELECTOR = YES;
				GCC_WARN_UNINITIALIZED_AUTOS = YES_AGGRESSIVE;
				GCC_WARN_UNUSED_FUNCTION = YES;
				GCC_WARN_UNUSED_VARIABLE = YES;
				IPHONEOS_DEPLOYMENT_TARGET = 18.5;
				LOCALIZATION_PREFERS_STRING_CATALOGS = YES;
				MTL_ENABLE_DEBUG_INFO = NO;
				MTL_FAST_MATH = YES;
				SDKROOT = iphoneos;
				SWIFT_COMPILATION_MODE = wholemodule;
				VALIDATE_PRODUCT = YES;
			};
			name = Release;
		};
		6EF5BB142E6F244100FF6253 /* Debug */ = {
			isa = XCBuildConfiguration;
			buildSettings = {
				ASSETCATALOG_COMPILER_APPICON_NAME = AppIcon;
				ASSETCATALOG_COMPILER_GLOBAL_ACCENT_COLOR_NAME = AccentColor;
				CODE_SIGN_STYLE = Automatic;
				CURRENT_PROJECT_VERSION = 1;
				ENABLE_PREVIEWS = YES;
				GENERATE_INFOPLIST_FILE = YES;
				INFOPLIST_KEY_UIApplicationSceneManifest_Generation = YES;
				INFOPLIST_KEY_UIApplicationSupportsIndirectInputEvents = YES;
				INFOPLIST_KEY_UILaunchScreen_Generation = YES;
				INFOPLIST_KEY_UISupportedInterfaceOrientations_iPad = "UIInterfaceOrientationPortrait UIInterfaceOrientationPortraitUpsideDown UIInterfaceOrientationLandscapeLeft UIInterfaceOrientationLandscapeRight";
				INFOPLIST_KEY_UISupportedInterfaceOrientations_iPhone = "UIInterfaceOrientationPortrait UIInterfaceOrientationLandscapeLeft UIInterfaceOrientationLandscapeRight";
				LD_RUNPATH_SEARCH_PATHS = (
					"$(inherited)",
					"@executable_path/Frameworks",
				);
				MARKETING_VERSION = 1.0;
				PRODUCT_BUNDLE_IDENTIFIER = me.patato.PicPick;
				PRODUCT_NAME = "$(TARGET_NAME)";
				SWIFT_EMIT_LOC_STRINGS = YES;
				SWIFT_VERSION = 5.0;
				TARGETED_DEVICE_FAMILY = "1,2";
			};
			name = Debug;
		};
		6EF5BB152E6F244100FF6253 /* Release */ = {
			isa = XCBuildConfiguration;
			buildSettings = {
				ASSETCATALOG_COMPILER_APPICON_NAME = AppIcon;
				ASSETCATALOG_COMPILER_GLOBAL_ACCENT_COLOR_NAME = AccentColor;
				CODE_SIGN_STYLE = Automatic;
				CURRENT_PROJECT_VERSION = 1;
				ENABLE_PREVIEWS = YES;
				GENERATE_INFOPLIST_FILE = YES;
				INFOPLIST_KEY_UIApplicationSceneManifest_Generation = YES;
				INFOPLIST_KEY_UIApplicationSupportsIndirectInputEvents = YES;
				INFOPLIST_KEY_UILaunchScreen_Generation = YES;
				INFOPLIST_KEY_UISupportedInterfaceOrientations_iPad = "UIInterfaceOrientationPortrait UIInterfaceOrientationPortraitUpsideDown UIInterfaceOrientationLandscapeLeft UIInterfaceOrientationLandscapeRight";
				INFOPLIST_KEY_UISupportedInterfaceOrientations_iPhone = "UIInterfaceOrientationPortrait UIInterfaceOrientationLandscapeLeft UIInterfaceOrientationLandscapeRight";
				LD_RUNPATH_SEARCH_PATHS = (
					"$(inherited)",
					"@executable_path/Frameworks",
				);
				MARKETING_VERSION = 1.0;
				PRODUCT_BUNDLE_IDENTIFIER = me.patato.PicPick;
				PRODUCT_NAME = "$(TARGET_NAME)";
				SWIFT_EMIT_LOC_STRINGS = YES;
				SWIFT_VERSION = 5.0;
				TARGETED_DEVICE_FAMILY = "1,2";
			};
			name = Release;
		};
		6EF5BB172E6F244100FF6253 /* Debug */ = {
			isa = XCBuildConfiguration;
			buildSettings = {
				BUNDLE_LOADER = "$(TEST_HOST)";
				CODE_SIGN_STYLE = Automatic;
				CURRENT_PROJECT_VERSION = 1;
				GENERATE_INFOPLIST_FILE = YES;
				IPHONEOS_DEPLOYMENT_TARGET = 18.5;
				MARKETING_VERSION = 1.0;
				PRODUCT_BUNDLE_IDENTIFIER = me.patato.PicPickTests;
				PRODUCT_NAME = "$(TARGET_NAME)";
				SWIFT_EMIT_LOC_STRINGS = NO;
				SWIFT_VERSION = 5.0;
				TARGETED_DEVICE_FAMILY = "1,2";
				TEST_HOST = "$(BUILT_PRODUCTS_DIR)/PicPick.app/$(BUNDLE_EXECUTABLE_FOLDER_PATH)/PicPick";
			};
			name = Debug;
		};
		6EF5BB182E6F244100FF6253 /* Release */ = {
			isa = XCBuildConfiguration;
			buildSettings = {
				BUNDLE_LOADER = "$(TEST_HOST)";
				CODE_SIGN_STYLE = Automatic;
				CURRENT_PROJECT_VERSION = 1;
				GENERATE_INFOPLIST_FILE = YES;
				IPHONEOS_DEPLOYMENT_TARGET = 18.5;
				MARKETING_VERSION = 1.0;
				PRODUCT_BUNDLE_IDENTIFIER = me.patato.PicPickTests;
				PRODUCT_NAME = "$(TARGET_NAME)";
				SWIFT_EMIT_LOC_STRINGS = NO;
				SWIFT_VERSION = 5.0;
				TARGETED_DEVICE_FAMILY = "1,2";
				TEST_HOST = "$(BUILT_PRODUCTS_DIR)/PicPick.app/$(BUNDLE_EXECUTABLE_FOLDER_PATH)/PicPick";
			};
			name = Release;
		};
		6EF5BB1A2E6F244100FF6253 /* Debug */ = {
			isa = XCBuildConfiguration;
			buildSettings = {
				CODE_SIGN_STYLE = Automatic;
				CURRENT_PROJECT_VERSION = 1;
				GENERATE_INFOPLIST_FILE = YES;
				MARKETING_VERSION = 1.0;
				PRODUCT_BUNDLE_IDENTIFIER = me.patato.PicPickUITests;
				PRODUCT_NAME = "$(TARGET_NAME)";
				SWIFT_EMIT_LOC_STRINGS = NO;
				SWIFT_VERSION = 5.0;
				TARGETED_DEVICE_FAMILY = "1,2";
				TEST_TARGET_NAME = PicPick;
			};
			name = Debug;
		};
		6EF5BB1B2E6F244100FF6253 /* Release */ = {
			isa = XCBuildConfiguration;
			buildSettings = {
				CODE_SIGN_STYLE = Automatic;
				CURRENT_PROJECT_VERSION = 1;
				GENERATE_INFOPLIST_FILE = YES;
				MARKETING_VERSION = 1.0;
				PRODUCT_BUNDLE_IDENTIFIER = me.patato.PicPickUITests;
				PRODUCT_NAME = "$(TARGET_NAME)";
				SWIFT_EMIT_LOC_STRINGS = NO;
				SWIFT_VERSION = 5.0;
				TARGETED_DEVICE_FAMILY = "1,2";
				TEST_TARGET_NAME = PicPick;
			};
			name = Release;
		};
/* End XCBuildConfiguration section */

/* Begin XCConfigurationList section */
		6EF5BAED2E6F243F00FF6253 /* Build configuration list for PBXProject "PicPick" */ = {
			isa = XCConfigurationList;
			buildConfigurations = (
				6EF5BB112E6F244100FF6253 /* Debug */,
				6EF5BB122E6F244100FF6253 /* Release */,
			);
			defaultConfigurationIsVisible = 0;
			defaultConfigurationName = Release;
		};
		6EF5BB132E6F244100FF6253 /* Build configuration list for PBXNativeTarget "PicPick" */ = {
			isa = XCConfigurationList;
			buildConfigurations = (
				6EF5BB142E6F244100FF6253 /* Debug */,
				6EF5BB152E6F244100FF6253 /* Release */,
			);
			defaultConfigurationIsVisible = 0;
			defaultConfigurationName = Release;
		};
		6EF5BB162E6F244100FF6253 /* Build configuration list for PBXNativeTarget "PicPickTests" */ = {
			isa = XCConfigurationList;
			buildConfigurations = (
				6EF5BB172E6F244100FF6253 /* Debug */,
				6EF5BB182E6F244100FF6253 /* Release */,
			);
			defaultConfigurationIsVisible = 0;
			defaultConfigurationName = Release;
		};
		6EF5BB192E6F244100FF6253 /* Build configuration list for PBXNativeTarget "PicPickUITests" */ = {
			isa = XCConfigurationList;
			buildConfigurations = (
				6EF5BB1A2E6F244100FF6253 /* Debug */,
				6EF5BB1B2E6F244100FF6253 /* Release */,
			);
			defaultConfigurationIsVisible = 0;
			defaultConfigurationName = Release;
		};
/* End XCConfigurationList section */
	};
	rootObject = 6EF5BAEA2E6F243F00FF6253 /* Project object */;
}
